# THIS IS AN AUTOGENERATED FILE. DO NOT EDIT THIS FILE DIRECTLY.
# yarn lockfile v1


"@stripe/stripe-js@^1.18.0":
  version "1.18.0"
  resolved "https://registry.yarnpkg.com/@stripe/stripe-js/-/stripe-js-1.18.0.tgz#687268d7cd68b44b92b86300d7c7f2a6e4df0b98"
  integrity sha512-yBRHAMKHnF3kbzv0tpKB82kSow43wW5qXLK8ofg3V9NaaCyObSTO7wJfktWAtG/NBgkJOdUL+pV8dHBj0qvDkQ==
